
Microsoft Visual Studio Solution File, Format Version 12.00
# Visual Studio Version 17
VisualStudioVersion = 17.13.35825.156
MinimumVisualStudioVersion = 10.0.40219.1
Project("{FAE04EC0-301F-11D3-BF4B-00C04F79EFBC}") = "lesson_17", "lesson_17\lesson_17.csproj", "{78CD500A-2509-4D8A-9BBF-6330EA74614A}"
EndProject
Global
	GlobalSection(SolutionConfigurationPlatforms) = preSolution
		Debug|Any CPU = Debug|Any CPU
		Release|Any CPU = Release|Any CPU
	EndGlobalSection
	GlobalSection(ProjectConfigurationPlatforms) = postSolution
		{78CD500A-2509-4D8A-9BBF-6330EA74614A}.Debug|Any CPU.ActiveCfg = Debug|Any CPU
		{78CD500A-2509-4D8A-9BBF-6330EA74614A}.Debug|Any CPU.Build.0 = Debug|Any CPU
		{78CD500A-2509-4D8A-9BBF-6330EA74614A}.Release|Any CPU.ActiveCfg = Release|Any CPU
		{78CD500A-2509-4D8A-9BBF-6330EA74614A}.Release|Any CPU.Build.0 = Release|Any CPU
	EndGlobalSection
	GlobalSection(SolutionProperties) = preSolution
		HideSolutionNode = FALSE
	EndGlobalSection
	GlobalSection(ExtensibilityGlobals) = postSolution
		SolutionGuid = {48215AC6-1E28-4343-AFED-BBA27649701A}
	EndGlobalSection
EndGlobal
