
Microsoft Visual Studio Solution File, Format Version 12.00
# Visual Studio Version 17
VisualStudioVersion = 17.13.35825.156
MinimumVisualStudioVersion = 10.0.40219.1
Project("{FAE04EC0-301F-11D3-BF4B-00C04F79EFBC}") = "dp", "dp\dp.csproj", "{60E8638E-8850-4DC2-8C71-548A118C7A28}"
EndProject
Project("{FAE04EC0-301F-11D3-BF4B-00C04F79EFBC}") = "BookTicketBackEnd", "BookTicketBackEnd\BookTicketBackEnd.csproj", "{9610386F-B31A-44A5-B518-F62183FEB7ED}"
EndProject
Global
	GlobalSection(SolutionConfigurationPlatforms) = preSolution
		Debug|Any CPU = Debug|Any CPU
		Release|Any CPU = Release|Any CPU
	EndGlobalSection
	GlobalSection(ProjectConfigurationPlatforms) = postSolution
		{60E8638E-8850-4DC2-8C71-548A118C7A28}.Debug|Any CPU.ActiveCfg = Debug|Any CPU
		{60E8638E-8850-4DC2-8C71-548A118C7A28}.Debug|Any CPU.Build.0 = Debug|Any CPU
		{60E8638E-8850-4DC2-8C71-548A118C7A28}.Release|Any CPU.ActiveCfg = Release|Any CPU
		{60E8638E-8850-4DC2-8C71-548A118C7A28}.Release|Any CPU.Build.0 = Release|Any CPU
		{9610386F-B31A-44A5-B518-F62183FEB7ED}.Debug|Any CPU.ActiveCfg = Debug|Any CPU
		{9610386F-B31A-44A5-B518-F62183FEB7ED}.Debug|Any CPU.Build.0 = Debug|Any CPU
		{9610386F-B31A-44A5-B518-F62183FEB7ED}.Release|Any CPU.ActiveCfg = Release|Any CPU
		{9610386F-B31A-44A5-B518-F62183FEB7ED}.Release|Any CPU.Build.0 = Release|Any CPU
	EndGlobalSection
	GlobalSection(SolutionProperties) = preSolution
		HideSolutionNode = FALSE
	EndGlobalSection
	GlobalSection(ExtensibilityGlobals) = postSolution
		SolutionGuid = {48215AC6-1E28-4343-AFED-BBA27649701A}
	EndGlobalSection
EndGlobal
