
Microsoft Visual Studio Solution File, Format Version 12.00
# Visual Studio Version 17
VisualStudioVersion = 17.13.35825.156
MinimumVisualStudioVersion = 10.0.40219.1
Project("{FAE04EC0-301F-11D3-BF4B-00C04F79EFBC}") = "4_1", "4_1\4_1.csproj", "{70B58E01-EB13-4002-83C9-FD87450224C8}"
EndProject
Project("{FAE04EC0-301F-11D3-BF4B-00C04F79EFBC}") = "4_2", "4_2\4_2.csproj", "{D4336E5D-14E6-4846-B487-71892E787A9A}"
EndProject
Global
	GlobalSection(SolutionConfigurationPlatforms) = preSolution
		Debug|Any CPU = Debug|Any CPU
		Release|Any CPU = Release|Any CPU
	EndGlobalSection
	GlobalSection(ProjectConfigurationPlatforms) = postSolution
		{70B58E01-EB13-4002-83C9-FD87450224C8}.Debug|Any CPU.ActiveCfg = Debug|Any CPU
		{70B58E01-EB13-4002-83C9-FD87450224C8}.Debug|Any CPU.Build.0 = Debug|Any CPU
		{70B58E01-EB13-4002-83C9-FD87450224C8}.Release|Any CPU.ActiveCfg = Release|Any CPU
		{70B58E01-EB13-4002-83C9-FD87450224C8}.Release|Any CPU.Build.0 = Release|Any CPU
		{D4336E5D-14E6-4846-B487-71892E787A9A}.Debug|Any CPU.ActiveCfg = Debug|Any CPU
		{D4336E5D-14E6-4846-B487-71892E787A9A}.Debug|Any CPU.Build.0 = Debug|Any CPU
		{D4336E5D-14E6-4846-B487-71892E787A9A}.Release|Any CPU.ActiveCfg = Release|Any CPU
		{D4336E5D-14E6-4846-B487-71892E787A9A}.Release|Any CPU.Build.0 = Release|Any CPU
	EndGlobalSection
	GlobalSection(SolutionProperties) = preSolution
		HideSolutionNode = FALSE
	EndGlobalSection
	GlobalSection(ExtensibilityGlobals) = postSolution
		SolutionGuid = {48215AC6-1E28-4343-AFED-BBA27649701A}
	EndGlobalSection
EndGlobal
